
Microsoft Visual Studio Solution File, Format Version 12.00
# Visual Studio Version 16
VisualStudioVersion = 16.0.31129.286
MinimumVisualStudioVersion = 10.0.40219.1
Project("{FAE04EC0-301F-11D3-BF4B-00C04F79EFBC}") = "MaterialLTI", "MaterialLTI\MaterialLTI.csproj", "{BF18EDB4-BF2A-4BF4-A4E2-2DDF35D99468}"
EndProject
Global
	GlobalSection(SolutionConfigurationPlatforms) = preSolution
		Debug|Any CPU = Debug|Any CPU
		Release|Any CPU = Release|Any CPU
	EndGlobalSection
	GlobalSection(ProjectConfigurationPlatforms) = postSolution
		{BF18EDB4-BF2A-4BF4-A4E2-2DDF35D99468}.Debug|Any CPU.ActiveCfg = Debug|Any CPU
		{BF18EDB4-BF2A-4BF4-A4E2-2DDF35D99468}.Debug|Any CPU.Build.0 = Debug|Any CPU
		{BF18EDB4-BF2A-4BF4-A4E2-2DDF35D99468}.Release|Any CPU.ActiveCfg = Release|Any CPU
		{BF18EDB4-BF2A-4BF4-A4E2-2DDF35D99468}.Release|Any CPU.Build.0 = Release|Any CPU
	EndGlobalSection
	GlobalSection(SolutionProperties) = preSolution
		HideSolutionNode = FALSE
	EndGlobalSection
	GlobalSection(ExtensibilityGlobals) = postSolution
		SolutionGuid = {33570ECF-35E8-489A-99D0-283A63B5B374}
	EndGlobalSection
EndGlobal
